PODS:
  - GoogleWebRTC (1.1.29400)
  - Starscream (4.0.3)

DEPENDENCIES:
  - GoogleWebRTC
  - Starscream (~> 4.0.3)

SPEC REPOS:
  trunk:
    - GoogleWebRTC
    - Starscream

SPEC CHECKSUMS:
  GoogleWebRTC: cfb83bc346435a17fe06bb05f04ad826b858a7fb
  Starscream: ef06f0961fff0880bca0604416d61141e4faca67

PODFILE CHECKSUM: 7c3a12cab7bed2b690d0ae98ecc9bb77dd21e21a

COCOAPODS: 1.9.3
